// !$*UTF8*$!
{
	archiveVersion = 1;
	classes = {
	};
	objectVersion = 50;
	objects = {

/* Begin PBXBuildFile section */
		F6873A2B23ADEB44005C9A2E /* AppDelegate.swift in Sources */ = {isa = PBXBuildFile; fileRef = F6873A2A23ADEB44005C9A2E /* AppDelegate.swift */; };
		F6873A2D23ADEB44005C9A2E /* SceneDelegate.swift in Sources */ = {isa = PBXBuildFile; fileRef = F6873A2C23ADEB44005C9A2E /* SceneDelegate.swift */; };
		F6873A2F23ADEB44005C9A2E /* ContentView.swift in Sources */ = {isa = PBXBuildFile; fileRef = F6873A2E23ADEB44005C9A2E /* ContentView.swift */; };
		F6873A3123ADEB48005C9A2E /* Assets.xcassets in Resources */ = {isa = PBXBuildFile; fileRef = F6873A3023ADEB48005C9A2E /* Assets.xcassets */; };
		F6873A3423ADEB48005C9A2E /* Preview Assets.xcassets in Resources */ = {isa = PBXBuildFile; fileRef = F6873A3323ADEB48005C9A2E /* Preview Assets.xcassets */; };
		F6873A3723ADEB48005C9A2E /* LaunchScreen.storyboard in Resources */ = {isa = PBXBuildFile; fileRef = F6873A3523ADEB48005C9A2E /* LaunchScreen.storyboard */; };
/* End PBXBuildFile section */

/* Begin PBXFileReference section */
		F6873A2723ADEB44005C9A2E /* MustafaCard.app */ = {isa = PBXFileReference; explicitFileType = wrapper.application; includeInIndex = 0; path = MustafaCard.app; sourceTree = BUILT_PRODUCTS_DIR; };
		F6873A2A23ADEB44005C9A2E /* AppDelegate.swift */ = {isa = PBXFileReference; lastKnownFileType = sourcecode.swift; path = AppDelegate.swift; sourceTree = "<group>"; };
		F6873A2C23ADEB44005C9A2E /* SceneDelegate.swift */ = {isa = PBXFileReference; lastKnownFileType = sourcecode.swift; path = SceneDelegate.swift; sourceTree = "<group>"; };
		F6873A2E23ADEB44005C9A2E /* ContentView.swift */ = {isa = PBXFileReference; lastKnownFileType = sourcecode.swift; path = ContentView.swift; sourceTree = "<group>"; };
		F6873A3023ADEB48005C9A2E /* Assets.xcassets */ = {isa = PBXFileReference; lastKnownFileType = folder.assetcatalog; path = Assets.xcassets; sourceTree = "<group>"; };
		F6873A3323ADEB48005C9A2E /* Preview Assets.xcassets */ = {isa = PBXFileReference; lastKnownFileType = folder.assetcatalog; path = "Preview Assets.xcassets"; sourceTree = "<group>"; };
		F6873A3623ADEB48005C9A2E /* Base */ = {isa = PBXFileReference; lastKnownFileType = file.storyboard; name = Base; path = Base.lproj/LaunchScreen.storyboard; sourceTree = "<group>"; };
		F6873A3823ADEB48005C9A2E /* Info.plist */ = {isa = PBXFileReference; lastKnownFileType = text.plist.xml; path = Info.plist; sourceTree = "<group>"; };
/* End PBXFileReference section */

/* Begin PBXFrameworksBuildPhase section */
		F6873A2423ADEB44005C9A2E /* Frameworks */ = {
			isa = PBXFrameworksBuildPhase;
			buildActionMask = 2147483647;
			files = (
			);
			runOnlyForDeploymentPostprocessing = 0;
		};
/* End PBXFrameworksBuildPhase section */

/* Begin PBXGroup section */
		F6873A1E23ADEB44005C9A2E = {
			isa = PBXGroup;
			children = (
				F6873A2923ADEB44005C9A2E /* MustafaCard */,
				F6873A2823ADEB44005C9A2E /* Products */,
			);
			sourceTree = "<group>";
		};
		F6873A2823ADEB44005C9A2E /* Products */ = {
			isa = PBXGroup;
			children = (
				F6873A2723ADEB44005C9A2E /* MustafaCard.app */,
			);
			name = Products;
			sourceTree = "<group>";
		};
		F6873A2923ADEB44005C9A2E /* MustafaCard */ = {
			isa = PBXGroup;
			children = (
				F6873A2A23ADEB44005C9A2E /* AppDelegate.swift */,
				F6873A2C23ADEB44005C9A2E /* SceneDelegate.swift */,
				F6873A2E23ADEB44005C9A2E /* ContentView.swift */,
				F6873A3023ADEB48005C9A2E /* Assets.xcassets */,
				F6873A3523ADEB48005C9A2E /* LaunchScreen.storyboard */,
				F6873A3823ADEB48005C9A2E /* Info.plist */,
				F6873A3223ADEB48005C9A2E /* Preview Content */,
			);
			path = MustafaCard;
			sourceTree = "<group>";
		};
		F6873A3223ADEB48005C9A2E /* Preview Content */ = {
			isa = PBXGroup;
			children = (
				F6873A3323ADEB48005C9A2E /* Preview Assets.xcassets */,
			);
			path = "Preview Content";
			sourceTree = "<group>";
		};
/* End PBXGroup section */

/* Begin PBXNativeTarget section */
		F6873A2623ADEB44005C9A2E /* MustafaCard */ = {
			isa = PBXNativeTarget;
			buildConfigurationList = F6873A3B23ADEB48005C9A2E /* Build configuration list for PBXNativeTarget "MustafaCard" */;
			buildPhases = (
				F6873A2323ADEB44005C9A2E /* Sources */,
				F6873A2423ADEB44005C9A2E /* Frameworks */,
				F6873A2523ADEB44005C9A2E /* Resources */,
			);
			buildRules = (
			);
			dependencies = (
			);
			name = MustafaCard;
			productName = MustafaCard;
			productReference = F6873A2723ADEB44005C9A2E /* MustafaCard.app */;
			productType = "com.apple.product-type.application";
		};
/* End PBXNativeTarget section */

/* Begin PBXProject section */
		F6873A1F23ADEB44005C9A2E /* Project object */ = {
			isa = PBXProject;
			attributes = {
				LastSwiftUpdateCheck = 1120;
				LastUpgradeCheck = 1120;
				ORGANIZATIONNAME = "Mustafa Alsoffi";
				TargetAttributes = {
					F6873A2623ADEB44005C9A2E = {
						CreatedOnToolsVersion = 11.2.1;
					};
				};
			};
			buildConfigurationList = F6873A2223ADEB44005C9A2E /* Build configuration list for PBXProject "MustafaCard" */;
			compatibilityVersion = "Xcode 9.3";
			developmentRegion = en;
			hasScannedForEncodings = 0;
			knownRegions = (
				en,
				Base,
			);
			mainGroup = F6873A1E23ADEB44005C9A2E;
			productRefGroup = F6873A2823ADEB44005C9A2E /* Products */;
			projectDirPath = "";
			projectRoot = "";
			targets = (
				F6873A2623ADEB44005C9A2E /* MustafaCard */,
			);
		};
/* End PBXProject section */

/* Begin PBXResourcesBuildPhase section */
		F6873A2523ADEB44005C9A2E /* Resources */ = {
			isa = PBXResourcesBuildPhase;
			buildActionMask = 2147483647;
			files = (
				F6873A3723ADEB48005C9A2E /* LaunchScreen.storyboard in Resources */,
				F6873A3423ADEB48005C9A2E /* Preview Assets.xcassets in Resources */,
				F6873A3123ADEB48005C9A2E /* Assets.xcassets in Resources */,
			);
			runOnlyForDeploymentPostprocessing = 0;
		};
/* End PBXResourcesBuildPhase section */

/* Begin PBXSourcesBuildPhase section */
		F6873A2323ADEB44005C9A2E /* Sources */ = {
			isa = PBXSourcesBuildPhase;
			buildActionMask = 2147483647;
			files = (
				F6873A2B23ADEB44005C9A2E /* AppDelegate.swift in Sources */,
				F6873A2D23ADEB44005C9A2E /* SceneDelegate.swift in Sources */,
				F6873A2F23ADEB44005C9A2E /* ContentView.swift in Sources */,
			);
			runOnlyForDeploymentPostprocessing = 0;
		};
/* End PBXSourcesBuildPhase section */

/* Begin PBXVariantGroup section */
		F6873A3523ADEB48005C9A2E /* LaunchScreen.storyboard */ = {
			isa = PBXVariantGroup;
			children = (
				F6873A3623ADEB48005C9A2E /* Base */,
			);
			name = LaunchScreen.storyboard;
			sourceTree = "<group>";
		};
/* End PBXVariantGroup section */

/* Begin XCBuildConfiguration section */
		F6873A3923ADEB48005C9A2E /* Debug */ = {
			isa = XCBuildConfiguration;
			buildSettings = {
				ALWAYS_SEARCH_USER_PATHS = NO;
				CLANG_ANALYZER_NONNULL = YES;
				CLANG_ANALYZER_NUMBER_OBJECT_CONVERSION = YES_AGGRESSIVE;
				CLANG_CXX_LANGUAGE_STANDARD = "gnu++14";
				CLANG_CXX_LIBRARY = "libc++";
				CLANG_ENABLE_MODULES = YES;
				CLANG_ENABLE_OBJC_ARC = YES;
				CLANG_ENABLE_OBJC_WEAK = YES;
				CLANG_WARN_BLOCK_CAPTURE_AUTORELEASING = YES;
				CLANG_WARN_BOOL_CONVERSION = YES;
				CLANG_WARN_COMMA = YES;
				CLANG_WARN_CONSTANT_CONVERSION = YES;
				CLANG_WARN_DEPRECATED_OBJC_IMPLEMENTATIONS = YES;
				CLANG_WARN_DIRECT_OBJC_ISA_USAGE = YES_ERROR;
				CLANG_WARN_DOCUMENTATION_COMMENTS = YES;
				CLANG_WARN_EMPTY_BODY = YES;
				CLANG_WARN_ENUM_CONVERSION = YES;
				CLANG_WARN_INFINITE_RECURSION = YES;
				CLANG_WARN_INT_CONVERSION = YES;
				CLANG_WARN_NON_LITERAL_NULL_CONVERSION = YES;
				CLANG_WARN_OBJC_IMPLICIT_RETAIN_SELF = YES;
				CLANG_WARN_OBJC_LITERAL_CONVERSION = YES;
				CLANG_WARN_OBJC_ROOT_CLASS = YES_ERROR;
				CLANG_WARN_RANGE_LOOP_ANALYSIS = YES;
				CLANG_WARN_STRICT_PROTOTYPES = YES;
				CLANG_WARN_SUSPICIOUS_MOVE = YES;
				CLANG_WARN_UNGUARDED_AVAILABILITY = YES_AGGRESSIVE;
				CLANG_WARN_UNREACHABLE_CODE = YES;
				CLANG_WARN__DUPLICATE_METHOD_MATCH = YES;
				COPY_PHASE_STRIP = NO;
				DEBUG_INFORMATION_FORMAT = dwarf;
				ENABLE_STRICT_OBJC_MSGSEND = YES;
				ENABLE_TESTABILITY = YES;
				GCC_C_LANGUAGE_STANDARD = gnu11;
				GCC_DYNAMIC_NO_PIC = NO;
				GCC_NO_COMMON_BLOCKS = YES;
				GCC_OPTIMIZATION_LEVEL = 0;
				GCC_PREPROCESSOR_DEFINITIONS = (
					"DEBUG=1",
					"$(inherited)",
				);
				GCC_WARN_64_TO_32_BIT_CONVERSION = YES;
				GCC_WARN_ABOUT_RETURN_TYPE = YES_ERROR;
				GCC_WARN_UNDECLARED_SELECTOR = YES;
				GCC_WARN_UNINITIALIZED_AUTOS = YES_AGGRESSIVE;
				GCC_WARN_UNUSED_FUNCTION = YES;
				GCC_WARN_UNUSED_VARIABLE = YES;
				IPHONEOS_DEPLOYMENT_TARGET = 13.2;
				MTL_ENABLE_DEBUG_INFO = INCLUDE_SOURCE;
				MTL_FAST_MATH = YES;
				ONLY_ACTIVE_ARCH = YES;
				SDKROOT = iphoneos;
				SWIFT_ACTIVE_COMPILATION_CONDITIONS = DEBUG;
				SWIFT_OPTIMIZATION_LEVEL = "-Onone";
			};
			name = Debug;
		};
		F6873A3A23ADEB48005C9A2E /* Release */ = {
			isa = XCBuildConfiguration;
			buildSettings = {
				ALWAYS_SEARCH_USER_PATHS = NO;
				CLANG_ANALYZER_NONNULL = YES;
				CLANG_ANALYZER_NUMBER_OBJECT_CONVERSION = YES_AGGRESSIVE;
				CLANG_CXX_LANGUAGE_STANDARD = "gnu++14";
				CLANG_CXX_LIBRARY = "libc++";
				CLANG_ENABLE_MODULES = YES;
				CLANG_ENABLE_OBJC_ARC = YES;
				CLANG_ENABLE_OBJC_WEAK = YES;
				CLANG_WARN_BLOCK_CAPTURE_AUTORELEASING = YES;
				CLANG_WARN_BOOL_CONVERSION = YES;
				CLANG_WARN_COMMA = YES;
				CLANG_WARN_CONSTANT_CONVERSION = YES;
				CLANG_WARN_DEPRECATED_OBJC_IMPLEMENTATIONS = YES;
				CLANG_WARN_DIRECT_OBJC_ISA_USAGE = YES_ERROR;
				CLANG_WARN_DOCUMENTATION_COMMENTS = YES;
				CLANG_WARN_EMPTY_BODY = YES;
				CLANG_WARN_ENUM_CONVERSION = YES;
				CLANG_WARN_INFINITE_RECURSION = YES;
				CLANG_WARN_INT_CONVERSION = YES;
				CLANG_WARN_NON_LITERAL_NULL_CONVERSION = YES;
				CLANG_WARN_OBJC_IMPLICIT_RETAIN_SELF = YES;
				CLANG_WARN_OBJC_LITERAL_CONVERSION = YES;
				CLANG_WARN_OBJC_ROOT_CLASS = YES_ERROR;
				CLANG_WARN_RANGE_LOOP_ANALYSIS = YES;
				CLANG_WARN_STRICT_PROTOTYPES = YES;
				CLANG_WARN_SUSPICIOUS_MOVE = YES;
				CLANG_WARN_UNGUARDED_AVAILABILITY = YES_AGGRESSIVE;
				CLANG_WARN_UNREACHABLE_CODE = YES;
				CLANG_WARN__DUPLICATE_METHOD_MATCH = YES;
				COPY_PHASE_STRIP = NO;
				DEBUG_INFORMATION_FORMAT = "dwarf-with-dsym";
				ENABLE_NS_ASSERTIONS = NO;
				ENABLE_STRICT_OBJC_MSGSEND = YES;
				GCC_C_LANGUAGE_STANDARD = gnu11;
				GCC_NO_COMMON_BLOCKS = YES;
				GCC_WARN_64_TO_32_BIT_CONVERSION = YES;
				GCC_WARN_ABOUT_RETURN_TYPE = YES_ERROR;
				GCC_WARN_UNDECLARED_SELECTOR = YES;
				GCC_WARN_UNINITIALIZED_AUTOS = YES_AGGRESSIVE;
				GCC_WARN_UNUSED_FUNCTION = YES;
				GCC_WARN_UNUSED_VARIABLE = YES;
				IPHONEOS_DEPLOYMENT_TARGET = 13.2;
				MTL_ENABLE_DEBUG_INFO = NO;
				MTL_FAST_MATH = YES;
				SDKROOT = iphoneos;
				SWIFT_COMPILATION_MODE = wholemodule;
				SWIFT_OPTIMIZATION_LEVEL = "-O";
				VALIDATE_PRODUCT = YES;
			};
			name = Release;
		};
		F6873A3C23ADEB48005C9A2E /* Debug */ = {
			isa = XCBuildConfiguration;
			buildSettings = {
				ASSETCATALOG_COMPILER_APPICON_NAME = AppIcon;
				CODE_SIGN_STYLE = Automatic;
				DEVELOPMENT_ASSET_PATHS = "\"MustafaCard/Preview Content\"";
				DEVELOPMENT_TEAM = B7HVRPB4TW;
				ENABLE_PREVIEWS = YES;
				INFOPLIST_FILE = MustafaCard/Info.plist;
				LD_RUNPATH_SEARCH_PATHS = (
					"$(inherited)",
					"@executable_path/Frameworks",
				);
				PRODUCT_BUNDLE_IDENTIFIER = com.mustafa.MustafaCard;
				PRODUCT_NAME = "$(TARGET_NAME)";
				SWIFT_VERSION = 5.0;
				TARGETED_DEVICE_FAMILY = "1,2";
			};
			name = Debug;
		};
		F6873A3D23ADEB48005C9A2E /* Release */ = {
			isa = XCBuildConfiguration;
			buildSettings = {
				ASSETCATALOG_COMPILER_APPICON_NAME = AppIcon;
				CODE_SIGN_STYLE = Automatic;
				DEVELOPMENT_ASSET_PATHS = "\"MustafaCard/Preview Content\"";
				DEVELOPMENT_TEAM = B7HVRPB4TW;
				ENABLE_PREVIEWS = YES;
				INFOPLIST_FILE = MustafaCard/Info.plist;
				LD_RUNPATH_SEARCH_PATHS = (
					"$(inherited)",
					"@executable_path/Frameworks",
				);
				PRODUCT_BUNDLE_IDENTIFIER = com.mustafa.MustafaCard;
				PRODUCT_NAME = "$(TARGET_NAME)";
				SWIFT_VERSION = 5.0;
				TARGETED_DEVICE_FAMILY = "1,2";
			};
			name = Release;
		};
/* End XCBuildConfiguration section */

/* Begin XCConfigurationList section */
		F6873A2223ADEB44005C9A2E /* Build configuration list for PBXProject "MustafaCard" */ = {
			isa = XCConfigurationList;
			buildConfigurations = (
				F6873A3923ADEB48005C9A2E /* Debug */,
				F6873A3A23ADEB48005C9A2E /* Release */,
			);
			defaultConfigurationIsVisible = 0;
			defaultConfigurationName = Release;
		};
		F6873A3B23ADEB48005C9A2E /* Build configuration list for PBXNativeTarget "MustafaCard" */ = {
			isa = XCConfigurationList;
			buildConfigurations = (
				F6873A3C23ADEB48005C9A2E /* Debug */,
				F6873A3D23ADEB48005C9A2E /* Release */,
			);
			defaultConfigurationIsVisible = 0;
			defaultConfigurationName = Release;
		};
/* End XCConfigurationList section */
	};
	rootObject = F6873A1F23ADEB44005C9A2E /* Project object */;
}
